
Microsoft Visual Studio Solution File, Format Version 12.00
# Visual Studio Version 17
VisualStudioVersion = 17.5.33627.172
MinimumVisualStudioVersion = 10.0.40219.1
Project("{8BC9CEB8-8B4A-11D0-8D11-00A0C91BC942}") = "SimpleWindow", "SimpleWindow.vcxproj", "{BFFA5337-4657-4284-AF8B-ACC2D32BA0B4}"
EndProject
Project("{8BC9CEB8-8B4A-11D0-8D11-00A0C91BC942}") = "Solitaire", "Solitaire\Solitaire.vcxproj", "{B6D34010-7B70-4423-ADBD-1B3AECBB6BC8}"
EndProject
Project("{8BC9CEB8-8B4A-11D0-8D11-00A0C91BC942}") = "Direct2D", "Direct2D\Direct2D.vcxproj", "{DA38C038-6FDB-4226-9EA4-A8A44E2D85DD}"
EndProject
Project("{8BC9CEB8-8B4A-11D0-8D11-00A0C91BC942}") = "BitMap", "BitMap\BitMap.vcxproj", "{F271C8B7-C8ED-47B5-9010-A4E25266C8F8}"
EndProject
Project("{8BC9CEB8-8B4A-11D0-8D11-00A0C91BC942}") = "ImageExample", "ImageExample\ImageExample.vcxproj", "{A3153E1E-61DD-49D6-9B10-17C4277A668A}"
EndProject
Project("{8BC9CEB8-8B4A-11D0-8D11-00A0C91BC942}") = "ActorExample", "ActorExample\ActorExample.vcxproj", "{25EEA670-E083-42EA-B4D4-9057FB3C585B}"
EndProject
Project("{8BC9CEB8-8B4A-11D0-8D11-00A0C91BC942}") = "BuggyHouse", "BuggyHouse\BuggyHouse.vcxproj", "{59D88F92-E6A6-4681-92DC-9C46F54720ED}"
EndProject
Global
	GlobalSection(SolutionConfigurationPlatforms) = preSolution
		Debug|x64 = Debug|x64
		Debug|x86 = Debug|x86
		Release|x64 = Release|x64
		Release|x86 = Release|x86
	EndGlobalSection
	GlobalSection(ProjectConfigurationPlatforms) = postSolution
		{BFFA5337-4657-4284-AF8B-ACC2D32BA0B4}.Debug|x64.ActiveCfg = Debug|x64
		{BFFA5337-4657-4284-AF8B-ACC2D32BA0B4}.Debug|x64.Build.0 = Debug|x64
		{BFFA5337-4657-4284-AF8B-ACC2D32BA0B4}.Debug|x86.ActiveCfg = Debug|Win32
		{BFFA5337-4657-4284-AF8B-ACC2D32BA0B4}.Debug|x86.Build.0 = Debug|Win32
		{BFFA5337-4657-4284-AF8B-ACC2D32BA0B4}.Release|x64.ActiveCfg = Release|x64
		{BFFA5337-4657-4284-AF8B-ACC2D32BA0B4}.Release|x64.Build.0 = Release|x64
		{BFFA5337-4657-4284-AF8B-ACC2D32BA0B4}.Release|x86.ActiveCfg = Release|Win32
		{BFFA5337-4657-4284-AF8B-ACC2D32BA0B4}.Release|x86.Build.0 = Release|Win32
		{B6D34010-7B70-4423-ADBD-1B3AECBB6BC8}.Debug|x64.ActiveCfg = Debug|x64
		{B6D34010-7B70-4423-ADBD-1B3AECBB6BC8}.Debug|x64.Build.0 = Debug|x64
		{B6D34010-7B70-4423-ADBD-1B3AECBB6BC8}.Debug|x86.ActiveCfg = Debug|Win32
		{B6D34010-7B70-4423-ADBD-1B3AECBB6BC8}.Debug|x86.Build.0 = Debug|Win32
		{B6D34010-7B70-4423-ADBD-1B3AECBB6BC8}.Release|x64.ActiveCfg = Release|x64
		{B6D34010-7B70-4423-ADBD-1B3AECBB6BC8}.Release|x64.Build.0 = Release|x64
		{B6D34010-7B70-4423-ADBD-1B3AECBB6BC8}.Release|x86.ActiveCfg = Release|Win32
		{B6D34010-7B70-4423-ADBD-1B3AECBB6BC8}.Release|x86.Build.0 = Release|Win32
		{DA38C038-6FDB-4226-9EA4-A8A44E2D85DD}.Debug|x64.ActiveCfg = Debug|x64
		{DA38C038-6FDB-4226-9EA4-A8A44E2D85DD}.Debug|x64.Build.0 = Debug|x64
		{DA38C038-6FDB-4226-9EA4-A8A44E2D85DD}.Debug|x86.ActiveCfg = Debug|Win32
		{DA38C038-6FDB-4226-9EA4-A8A44E2D85DD}.Debug|x86.Build.0 = Debug|Win32
		{DA38C038-6FDB-4226-9EA4-A8A44E2D85DD}.Release|x64.ActiveCfg = Release|x64
		{DA38C038-6FDB-4226-9EA4-A8A44E2D85DD}.Release|x64.Build.0 = Release|x64
		{DA38C038-6FDB-4226-9EA4-A8A44E2D85DD}.Release|x86.ActiveCfg = Release|Win32
		{DA38C038-6FDB-4226-9EA4-A8A44E2D85DD}.Release|x86.Build.0 = Release|Win32
		{F271C8B7-C8ED-47B5-9010-A4E25266C8F8}.Debug|x64.ActiveCfg = Debug|x64
		{F271C8B7-C8ED-47B5-9010-A4E25266C8F8}.Debug|x64.Build.0 = Debug|x64
		{F271C8B7-C8ED-47B5-9010-A4E25266C8F8}.Debug|x86.ActiveCfg = Debug|Win32
		{F271C8B7-C8ED-47B5-9010-A4E25266C8F8}.Debug|x86.Build.0 = Debug|Win32
		{F271C8B7-C8ED-47B5-9010-A4E25266C8F8}.Release|x64.ActiveCfg = Release|x64
		{F271C8B7-C8ED-47B5-9010-A4E25266C8F8}.Release|x64.Build.0 = Release|x64
		{F271C8B7-C8ED-47B5-9010-A4E25266C8F8}.Release|x86.ActiveCfg = Release|Win32
		{F271C8B7-C8ED-47B5-9010-A4E25266C8F8}.Release|x86.Build.0 = Release|Win32
		{A3153E1E-61DD-49D6-9B10-17C4277A668A}.Debug|x64.ActiveCfg = Debug|x64
		{A3153E1E-61DD-49D6-9B10-17C4277A668A}.Debug|x64.Build.0 = Debug|x64
		{A3153E1E-61DD-49D6-9B10-17C4277A668A}.Debug|x86.ActiveCfg = Debug|Win32
		{A3153E1E-61DD-49D6-9B10-17C4277A668A}.Debug|x86.Build.0 = Debug|Win32
		{A3153E1E-61DD-49D6-9B10-17C4277A668A}.Release|x64.ActiveCfg = Release|x64
		{A3153E1E-61DD-49D6-9B10-17C4277A668A}.Release|x64.Build.0 = Release|x64
		{A3153E1E-61DD-49D6-9B10-17C4277A668A}.Release|x86.ActiveCfg = Release|Win32
		{A3153E1E-61DD-49D6-9B10-17C4277A668A}.Release|x86.Build.0 = Release|Win32
		{25EEA670-E083-42EA-B4D4-9057FB3C585B}.Debug|x64.ActiveCfg = Debug|x64
		{25EEA670-E083-42EA-B4D4-9057FB3C585B}.Debug|x64.Build.0 = Debug|x64
		{25EEA670-E083-42EA-B4D4-9057FB3C585B}.Debug|x86.ActiveCfg = Debug|Win32
		{25EEA670-E083-42EA-B4D4-9057FB3C585B}.Debug|x86.Build.0 = Debug|Win32
		{25EEA670-E083-42EA-B4D4-9057FB3C585B}.Release|x64.ActiveCfg = Release|x64
		{25EEA670-E083-42EA-B4D4-9057FB3C585B}.Release|x64.Build.0 = Release|x64
		{25EEA670-E083-42EA-B4D4-9057FB3C585B}.Release|x86.ActiveCfg = Release|Win32
		{25EEA670-E083-42EA-B4D4-9057FB3C585B}.Release|x86.Build.0 = Release|Win32
		{59D88F92-E6A6-4681-92DC-9C46F54720ED}.Debug|x64.ActiveCfg = Debug|x64
		{59D88F92-E6A6-4681-92DC-9C46F54720ED}.Debug|x64.Build.0 = Debug|x64
		{59D88F92-E6A6-4681-92DC-9C46F54720ED}.Debug|x86.ActiveCfg = Debug|Win32
		{59D88F92-E6A6-4681-92DC-9C46F54720ED}.Debug|x86.Build.0 = Debug|Win32
		{59D88F92-E6A6-4681-92DC-9C46F54720ED}.Release|x64.ActiveCfg = Release|x64
		{59D88F92-E6A6-4681-92DC-9C46F54720ED}.Release|x64.Build.0 = Release|x64
		{59D88F92-E6A6-4681-92DC-9C46F54720ED}.Release|x86.ActiveCfg = Release|Win32
		{59D88F92-E6A6-4681-92DC-9C46F54720ED}.Release|x86.Build.0 = Release|Win32
	EndGlobalSection
	GlobalSection(SolutionProperties) = preSolution
		HideSolutionNode = FALSE
	EndGlobalSection
	GlobalSection(ExtensibilityGlobals) = postSolution
		SolutionGuid = {FF410170-0AAF-4F45-9C00-6FB6D31F05C0}
	EndGlobalSection
EndGlobal
